
Microsoft Visual Studio Solution File, Format Version 12.00
# Visual Studio Version 17
VisualStudioVersion = 17.0.32126.317
MinimumVisualStudioVersion = 10.0.40219.1
Project("{FAE04EC0-301F-11D3-BF4B-00C04F79EFBC}") = "BHoMUpgrader30", "BHoMUpgrader30\BHoMUpgrader30.csproj", "{10D377C5-E17D-4135-A9AA-EB106833A94E}"
EndProject
Project("{FAE04EC0-301F-11D3-BF4B-00C04F79EFBC}") = "BHoMUpgrader", "BHoMUpgrader\BHoMUpgrader.csproj", "{47629A75-8509-491A-82E5-517A2D8B945E}"
EndProject
Project("{FAE04EC0-301F-11D3-BF4B-00C04F79EFBC}") = "BHoMUpgrader31", "BHoMUpgrader31\BHoMUpgrader31.csproj", "{61C816C3-080C-481C-85F9-3AB3CFFCD4B0}"
EndProject
Project("{FAE04EC0-301F-11D3-BF4B-00C04F79EFBC}") = "BHoMUpgrader32", "BHoMUpgrader32\BHoMUpgrader32.csproj", "{A6A4A1B7-0CE5-4104-8DB2-967D41F42754}"
EndProject
Project("{FAE04EC0-301F-11D3-BF4B-00C04F79EFBC}") = "BHoMUpgrader33", "BHoMUpgrader33\BHoMUpgrader33.csproj", "{8A2966F9-3E84-4F31-80D6-A33BDD3BAD95}"
EndProject
Project("{FAE04EC0-301F-11D3-BF4B-00C04F79EFBC}") = "PostBuild", "PostBuild\PostBuild.csproj", "{4EC319A6-67C9-4627-9DE6-046BB5BAE401}"
EndProject
Project("{FAE04EC0-301F-11D3-BF4B-00C04F79EFBC}") = "BHoMUpgrader40", "BHoMUpgrader40\BHoMUpgrader40.csproj", "{77ECD961-7EA8-4237-B295-4D0B6EE492F8}"
EndProject
Project("{FAE04EC0-301F-11D3-BF4B-00C04F79EFBC}") = "BHoMUpgrader41", "BHoMUpgrader41\BHoMUpgrader41.csproj", "{A3CCC3C2-E634-42F2-92AE-785EC6E5B3A0}"
EndProject
Project("{FAE04EC0-301F-11D3-BF4B-00C04F79EFBC}") = "BHoMUpgrader42", "BHoMUpgrader42\BHoMUpgrader42.csproj", "{787EF473-2D3B-4A42-A776-9DD34E8A4767}"
EndProject
Project("{FAE04EC0-301F-11D3-BF4B-00C04F79EFBC}") = "BHoMUpgrader43", "BHoMUpgrader43\BHoMUpgrader43.csproj", "{7F382096-4277-411E-AB5B-87B81C85CF6A}"
EndProject
Project("{FAE04EC0-301F-11D3-BF4B-00C04F79EFBC}") = "BHoMUpgrader50", "BHoMUpgrader50\BHoMUpgrader50.csproj", "{81DD6626-FFA8-482C-8C49-701038CD8ADE}"
EndProject
Project("{FAE04EC0-301F-11D3-BF4B-00C04F79EFBC}") = "BHoMUpgrader51", "BHoMUpgrader51\BHoMUpgrader51.csproj", "{B8491E2B-336D-4105-97DC-9295E755935A}"
EndProject
Project("{FAE04EC0-301F-11D3-BF4B-00C04F79EFBC}") = "BHoMUpgrader52", "BHoMUpgrader52\BHoMUpgrader52.csproj", "{41793733-46B7-4B49-AA2A-85C7C55A9927}"
EndProject
Project("{FAE04EC0-301F-11D3-BF4B-00C04F79EFBC}") = "BHoMUpgrader53", "BHoMUpgrader53\BHoMUpgrader53.csproj", "{BF53C582-6129-49B2-AD05-EE0D27F838AD}"
EndProject
Project("{FAE04EC0-301F-11D3-BF4B-00C04F79EFBC}") = "BHoMUpgrader60", "BHoMUpgrader60\BHoMUpgrader60.csproj", "{CE83A564-40FD-4382-967F-BA7809379A34}"
EndProject
Project("{FAE04EC0-301F-11D3-BF4B-00C04F79EFBC}") = "BHoMUpgrader61", "BHoMUpgrader61\BHoMUpgrader61.csproj", "{C93EE8E5-FB50-4EA5-8D92-842937DC70EC}"
EndProject
Project("{FAE04EC0-301F-11D3-BF4B-00C04F79EFBC}") = "BHoMUpgrader62", "BHoMUpgrader62\BHoMUpgrader62.csproj", "{D44B13B0-83CC-470A-AE39-84F81FFF0A55}"
EndProject
Project("{FAE04EC0-301F-11D3-BF4B-00C04F79EFBC}") = "BHoMUpgrader63", "BHoMUpgrader63\BHoMUpgrader63.csproj", "{E7D80852-0526-4427-887B-BC2E4939178A}"
EndProject
Global
	GlobalSection(SolutionConfigurationPlatforms) = preSolution
		Debug|Any CPU = Debug|Any CPU
		Release|Any CPU = Release|Any CPU
	EndGlobalSection
	GlobalSection(ProjectConfigurationPlatforms) = postSolution
		{10D377C5-E17D-4135-A9AA-EB106833A94E}.Debug|Any CPU.ActiveCfg = Debug|Any CPU
		{10D377C5-E17D-4135-A9AA-EB106833A94E}.Debug|Any CPU.Build.0 = Debug|Any CPU
		{10D377C5-E17D-4135-A9AA-EB106833A94E}.Release|Any CPU.ActiveCfg = Release|Any CPU
		{10D377C5-E17D-4135-A9AA-EB106833A94E}.Release|Any CPU.Build.0 = Release|Any CPU
		{47629A75-8509-491A-82E5-517A2D8B945E}.Debug|Any CPU.ActiveCfg = Debug|Any CPU
		{47629A75-8509-491A-82E5-517A2D8B945E}.Debug|Any CPU.Build.0 = Debug|Any CPU
		{47629A75-8509-491A-82E5-517A2D8B945E}.Release|Any CPU.ActiveCfg = Release|Any CPU
		{47629A75-8509-491A-82E5-517A2D8B945E}.Release|Any CPU.Build.0 = Release|Any CPU
		{61C816C3-080C-481C-85F9-3AB3CFFCD4B0}.Debug|Any CPU.ActiveCfg = Debug|Any CPU
		{61C816C3-080C-481C-85F9-3AB3CFFCD4B0}.Debug|Any CPU.Build.0 = Debug|Any CPU
		{61C816C3-080C-481C-85F9-3AB3CFFCD4B0}.Release|Any CPU.ActiveCfg = Release|Any CPU
		{61C816C3-080C-481C-85F9-3AB3CFFCD4B0}.Release|Any CPU.Build.0 = Release|Any CPU
		{A6A4A1B7-0CE5-4104-8DB2-967D41F42754}.Debug|Any CPU.ActiveCfg = Debug|Any CPU
		{A6A4A1B7-0CE5-4104-8DB2-967D41F42754}.Debug|Any CPU.Build.0 = Debug|Any CPU
		{A6A4A1B7-0CE5-4104-8DB2-967D41F42754}.Release|Any CPU.ActiveCfg = Release|Any CPU
		{A6A4A1B7-0CE5-4104-8DB2-967D41F42754}.Release|Any CPU.Build.0 = Release|Any CPU
		{8A2966F9-3E84-4F31-80D6-A33BDD3BAD95}.Debug|Any CPU.ActiveCfg = Debug|Any CPU
		{8A2966F9-3E84-4F31-80D6-A33BDD3BAD95}.Debug|Any CPU.Build.0 = Debug|Any CPU
		{8A2966F9-3E84-4F31-80D6-A33BDD3BAD95}.Release|Any CPU.ActiveCfg = Release|Any CPU
		{8A2966F9-3E84-4F31-80D6-A33BDD3BAD95}.Release|Any CPU.Build.0 = Release|Any CPU
		{4EC319A6-67C9-4627-9DE6-046BB5BAE401}.Debug|Any CPU.ActiveCfg = Debug|Any CPU
		{4EC319A6-67C9-4627-9DE6-046BB5BAE401}.Debug|Any CPU.Build.0 = Debug|Any CPU
		{4EC319A6-67C9-4627-9DE6-046BB5BAE401}.Release|Any CPU.ActiveCfg = Release|Any CPU
		{4EC319A6-67C9-4627-9DE6-046BB5BAE401}.Release|Any CPU.Build.0 = Release|Any CPU
		{77ECD961-7EA8-4237-B295-4D0B6EE492F8}.Debug|Any CPU.ActiveCfg = Debug|Any CPU
		{77ECD961-7EA8-4237-B295-4D0B6EE492F8}.Debug|Any CPU.Build.0 = Debug|Any CPU
		{77ECD961-7EA8-4237-B295-4D0B6EE492F8}.Release|Any CPU.ActiveCfg = Release|Any CPU
		{77ECD961-7EA8-4237-B295-4D0B6EE492F8}.Release|Any CPU.Build.0 = Release|Any CPU
		{A3CCC3C2-E634-42F2-92AE-785EC6E5B3A0}.Debug|Any CPU.ActiveCfg = Debug|Any CPU
		{A3CCC3C2-E634-42F2-92AE-785EC6E5B3A0}.Debug|Any CPU.Build.0 = Debug|Any CPU
		{A3CCC3C2-E634-42F2-92AE-785EC6E5B3A0}.Release|Any CPU.ActiveCfg = Release|Any CPU
		{A3CCC3C2-E634-42F2-92AE-785EC6E5B3A0}.Release|Any CPU.Build.0 = Release|Any CPU
		{787EF473-2D3B-4A42-A776-9DD34E8A4767}.Debug|Any CPU.ActiveCfg = Debug|Any CPU
		{787EF473-2D3B-4A42-A776-9DD34E8A4767}.Debug|Any CPU.Build.0 = Debug|Any CPU
		{787EF473-2D3B-4A42-A776-9DD34E8A4767}.Release|Any CPU.ActiveCfg = Release|Any CPU
		{787EF473-2D3B-4A42-A776-9DD34E8A4767}.Release|Any CPU.Build.0 = Release|Any CPU
		{7F382096-4277-411E-AB5B-87B81C85CF6A}.Debug|Any CPU.ActiveCfg = Debug|Any CPU
		{7F382096-4277-411E-AB5B-87B81C85CF6A}.Debug|Any CPU.Build.0 = Debug|Any CPU
		{7F382096-4277-411E-AB5B-87B81C85CF6A}.Release|Any CPU.ActiveCfg = Release|Any CPU
		{7F382096-4277-411E-AB5B-87B81C85CF6A}.Release|Any CPU.Build.0 = Release|Any CPU
		{81DD6626-FFA8-482C-8C49-701038CD8ADE}.Debug|Any CPU.ActiveCfg = Debug|Any CPU
		{81DD6626-FFA8-482C-8C49-701038CD8ADE}.Debug|Any CPU.Build.0 = Debug|Any CPU
		{81DD6626-FFA8-482C-8C49-701038CD8ADE}.Release|Any CPU.ActiveCfg = Release|Any CPU
		{81DD6626-FFA8-482C-8C49-701038CD8ADE}.Release|Any CPU.Build.0 = Release|Any CPU
		{B8491E2B-336D-4105-97DC-9295E755935A}.Debug|Any CPU.ActiveCfg = Debug|Any CPU
		{B8491E2B-336D-4105-97DC-9295E755935A}.Debug|Any CPU.Build.0 = Debug|Any CPU
		{B8491E2B-336D-4105-97DC-9295E755935A}.Release|Any CPU.ActiveCfg = Release|Any CPU
		{B8491E2B-336D-4105-97DC-9295E755935A}.Release|Any CPU.Build.0 = Release|Any CPU
		{41793733-46B7-4B49-AA2A-85C7C55A9927}.Debug|Any CPU.ActiveCfg = Debug|Any CPU
		{41793733-46B7-4B49-AA2A-85C7C55A9927}.Debug|Any CPU.Build.0 = Debug|Any CPU
		{41793733-46B7-4B49-AA2A-85C7C55A9927}.Release|Any CPU.ActiveCfg = Release|Any CPU
		{41793733-46B7-4B49-AA2A-85C7C55A9927}.Release|Any CPU.Build.0 = Release|Any CPU
		{BF53C582-6129-49B2-AD05-EE0D27F838AD}.Debug|Any CPU.ActiveCfg = Debug|Any CPU
		{BF53C582-6129-49B2-AD05-EE0D27F838AD}.Debug|Any CPU.Build.0 = Debug|Any CPU
		{BF53C582-6129-49B2-AD05-EE0D27F838AD}.Release|Any CPU.ActiveCfg = Release|Any CPU
		{BF53C582-6129-49B2-AD05-EE0D27F838AD}.Release|Any CPU.Build.0 = Release|Any CPU
		{CE83A564-40FD-4382-967F-BA7809379A34}.Debug|Any CPU.ActiveCfg = Debug|Any CPU
		{CE83A564-40FD-4382-967F-BA7809379A34}.Debug|Any CPU.Build.0 = Debug|Any CPU
		{CE83A564-40FD-4382-967F-BA7809379A34}.Release|Any CPU.ActiveCfg = Release|Any CPU
		{CE83A564-40FD-4382-967F-BA7809379A34}.Release|Any CPU.Build.0 = Release|Any CPU
		{C93EE8E5-FB50-4EA5-8D92-842937DC70EC}.Debug|Any CPU.ActiveCfg = Debug|Any CPU
		{C93EE8E5-FB50-4EA5-8D92-842937DC70EC}.Debug|Any CPU.Build.0 = Debug|Any CPU
		{C93EE8E5-FB50-4EA5-8D92-842937DC70EC}.Release|Any CPU.ActiveCfg = Release|Any CPU
		{C93EE8E5-FB50-4EA5-8D92-842937DC70EC}.Release|Any CPU.Build.0 = Release|Any CPU
		{D44B13B0-83CC-470A-AE39-84F81FFF0A55}.Debug|Any CPU.ActiveCfg = Debug|Any CPU
		{D44B13B0-83CC-470A-AE39-84F81FFF0A55}.Debug|Any CPU.Build.0 = Debug|Any CPU
		{D44B13B0-83CC-470A-AE39-84F81FFF0A55}.Release|Any CPU.ActiveCfg = Release|Any CPU
		{D44B13B0-83CC-470A-AE39-84F81FFF0A55}.Release|Any CPU.Build.0 = Release|Any CPU
		{E7D80852-0526-4427-887B-BC2E4939178A}.Debug|Any CPU.ActiveCfg = Debug|Any CPU
		{E7D80852-0526-4427-887B-BC2E4939178A}.Debug|Any CPU.Build.0 = Debug|Any CPU
		{E7D80852-0526-4427-887B-BC2E4939178A}.Release|Any CPU.ActiveCfg = Release|Any CPU
		{E7D80852-0526-4427-887B-BC2E4939178A}.Release|Any CPU.Build.0 = Release|Any CPU
	EndGlobalSection
	GlobalSection(SolutionProperties) = preSolution
		HideSolutionNode = FALSE
	EndGlobalSection
	GlobalSection(ExtensibilityGlobals) = postSolution
		SolutionGuid = {6ADEBE83-56FB-43FF-8EF1-9270BF7094B0}
	EndGlobalSection
EndGlobal
