
Microsoft Visual Studio Solution File, Format Version 12.00
# Visual Studio 15
VisualStudioVersion = 15.0.28307.1000
MinimumVisualStudioVersion = 10.0.40219.1
Project("{FAE04EC0-301F-11D3-BF4B-00C04F79EFBC}") = "BHoMUpgrader30", "BHoMUpgrader30\BHoMUpgrader30.csproj", "{10D377C5-E17D-4135-A9AA-EB106833A94E}"
EndProject
Project("{FAE04EC0-301F-11D3-BF4B-00C04F79EFBC}") = "BHoMUpgrader", "BHoMUpgrader\BHoMUpgrader.csproj", "{47629A75-8509-491A-82E5-517A2D8B945E}"
EndProject
Project("{FAE04EC0-301F-11D3-BF4B-00C04F79EFBC}") = "Versioning_oM", "Versioning_oM\Versioning_oM.csproj", "{660D9A85-66B8-456B-B419-D3B176BBC66D}"
EndProject
Project("{FAE04EC0-301F-11D3-BF4B-00C04F79EFBC}") = "BHoMUpgrader31", "BHoMUpgrader31\BHoMUpgrader31.csproj", "{61C816C3-080C-481C-85F9-3AB3CFFCD4B0}"
EndProject
Project("{FAE04EC0-301F-11D3-BF4B-00C04F79EFBC}") = "BHoMUpgrader32", "BHoMUpgrader32\BHoMUpgrader32.csproj", "{A6A4A1B7-0CE5-4104-8DB2-967D41F42754}"
EndProject
Project("{FAE04EC0-301F-11D3-BF4B-00C04F79EFBC}") = "BHoMUpgrader33", "BHoMUpgrader33\BHoMUpgrader33.csproj", "{8A2966F9-3E84-4F31-80D6-A33BDD3BAD95}"
EndProject
Project("{FAE04EC0-301F-11D3-BF4B-00C04F79EFBC}") = "PostBuild", "PostBuild\PostBuild.csproj", "{4EC319A6-67C9-4627-9DE6-046BB5BAE401}"
EndProject
Project("{FAE04EC0-301F-11D3-BF4B-00C04F79EFBC}") = "BHoMUpgrader40", "BHoMUpgrader40\BHoMUpgrader40.csproj", "{77ECD961-7EA8-4237-B295-4D0B6EE492F8}"
EndProject
Project("{FAE04EC0-301F-11D3-BF4B-00C04F79EFBC}") = "BHoMUpgrader41", "BHoMUpgrader41\BHoMUpgrader41.csproj", "{A3CCC3C2-E634-42F2-92AE-785EC6E5B3A0}"
EndProject
Global
	GlobalSection(SolutionConfigurationPlatforms) = preSolution
		Debug|Any CPU = Debug|Any CPU
		Release|Any CPU = Release|Any CPU
	EndGlobalSection
	GlobalSection(ProjectConfigurationPlatforms) = postSolution
		{10D377C5-E17D-4135-A9AA-EB106833A94E}.Debug|Any CPU.ActiveCfg = Debug|Any CPU
		{10D377C5-E17D-4135-A9AA-EB106833A94E}.Debug|Any CPU.Build.0 = Debug|Any CPU
		{10D377C5-E17D-4135-A9AA-EB106833A94E}.Release|Any CPU.ActiveCfg = Release|Any CPU
		{10D377C5-E17D-4135-A9AA-EB106833A94E}.Release|Any CPU.Build.0 = Release|Any CPU
		{47629A75-8509-491A-82E5-517A2D8B945E}.Debug|Any CPU.ActiveCfg = Debug|Any CPU
		{47629A75-8509-491A-82E5-517A2D8B945E}.Debug|Any CPU.Build.0 = Debug|Any CPU
		{47629A75-8509-491A-82E5-517A2D8B945E}.Release|Any CPU.ActiveCfg = Release|Any CPU
		{47629A75-8509-491A-82E5-517A2D8B945E}.Release|Any CPU.Build.0 = Release|Any CPU
		{660D9A85-66B8-456B-B419-D3B176BBC66D}.Debug|Any CPU.ActiveCfg = Debug|Any CPU
		{660D9A85-66B8-456B-B419-D3B176BBC66D}.Debug|Any CPU.Build.0 = Debug|Any CPU
		{660D9A85-66B8-456B-B419-D3B176BBC66D}.Release|Any CPU.ActiveCfg = Release|Any CPU
		{660D9A85-66B8-456B-B419-D3B176BBC66D}.Release|Any CPU.Build.0 = Release|Any CPU
		{61C816C3-080C-481C-85F9-3AB3CFFCD4B0}.Debug|Any CPU.ActiveCfg = Debug|Any CPU
		{61C816C3-080C-481C-85F9-3AB3CFFCD4B0}.Debug|Any CPU.Build.0 = Debug|Any CPU
		{61C816C3-080C-481C-85F9-3AB3CFFCD4B0}.Release|Any CPU.ActiveCfg = Release|Any CPU
		{61C816C3-080C-481C-85F9-3AB3CFFCD4B0}.Release|Any CPU.Build.0 = Release|Any CPU
		{A6A4A1B7-0CE5-4104-8DB2-967D41F42754}.Debug|Any CPU.ActiveCfg = Debug|Any CPU
		{A6A4A1B7-0CE5-4104-8DB2-967D41F42754}.Debug|Any CPU.Build.0 = Debug|Any CPU
		{A6A4A1B7-0CE5-4104-8DB2-967D41F42754}.Release|Any CPU.ActiveCfg = Release|Any CPU
		{A6A4A1B7-0CE5-4104-8DB2-967D41F42754}.Release|Any CPU.Build.0 = Release|Any CPU
		{8A2966F9-3E84-4F31-80D6-A33BDD3BAD95}.Debug|Any CPU.ActiveCfg = Debug|Any CPU
		{8A2966F9-3E84-4F31-80D6-A33BDD3BAD95}.Debug|Any CPU.Build.0 = Debug|Any CPU
		{8A2966F9-3E84-4F31-80D6-A33BDD3BAD95}.Release|Any CPU.ActiveCfg = Release|Any CPU
		{8A2966F9-3E84-4F31-80D6-A33BDD3BAD95}.Release|Any CPU.Build.0 = Release|Any CPU
		{4EC319A6-67C9-4627-9DE6-046BB5BAE401}.Debug|Any CPU.ActiveCfg = Debug|Any CPU
		{4EC319A6-67C9-4627-9DE6-046BB5BAE401}.Debug|Any CPU.Build.0 = Debug|Any CPU
		{4EC319A6-67C9-4627-9DE6-046BB5BAE401}.Release|Any CPU.ActiveCfg = Release|Any CPU
		{4EC319A6-67C9-4627-9DE6-046BB5BAE401}.Release|Any CPU.Build.0 = Release|Any CPU
		{77ECD961-7EA8-4237-B295-4D0B6EE492F8}.Debug|Any CPU.ActiveCfg = Debug|Any CPU
		{77ECD961-7EA8-4237-B295-4D0B6EE492F8}.Debug|Any CPU.Build.0 = Debug|Any CPU
		{77ECD961-7EA8-4237-B295-4D0B6EE492F8}.Release|Any CPU.ActiveCfg = Release|Any CPU
		{77ECD961-7EA8-4237-B295-4D0B6EE492F8}.Release|Any CPU.Build.0 = Release|Any CPU
		{A3CCC3C2-E634-42F2-92AE-785EC6E5B3A0}.Debug|Any CPU.ActiveCfg = Debug|Any CPU
		{A3CCC3C2-E634-42F2-92AE-785EC6E5B3A0}.Debug|Any CPU.Build.0 = Debug|Any CPU
		{A3CCC3C2-E634-42F2-92AE-785EC6E5B3A0}.Release|Any CPU.ActiveCfg = Release|Any CPU
		{A3CCC3C2-E634-42F2-92AE-785EC6E5B3A0}.Release|Any CPU.Build.0 = Release|Any CPU
	EndGlobalSection
	GlobalSection(SolutionProperties) = preSolution
		HideSolutionNode = FALSE
	EndGlobalSection
	GlobalSection(ExtensibilityGlobals) = postSolution
		SolutionGuid = {6ADEBE83-56FB-43FF-8EF1-9270BF7094B0}
	EndGlobalSection
EndGlobal
