Microsoft Visual Studio Solution File, Format Version 12.00
# Visual Studio Version 17
VisualStudioVersion = 17.14.37012.4 d17.14
MinimumVisualStudioVersion = 10.0.40219.1
Project("{9A19103F-16F7-4668-BE54-9A1E7A4F7556}") = "Versioning_Test", "Versioning_Test\Versioning_Test.csproj", "{9841FB69-E472-4A52-B25B-FA11288BC54B}"
EndProject
Project("{FAE04EC0-301F-11D3-BF4B-00C04F79EFBC}") = "TestRunner", "TestRunner\TestRunner.csproj", "{BE7FA48D-0CA9-401D-92D2-8E3D5C27EA15}"
EndProject
Global
	GlobalSection(SolutionConfigurationPlatforms) = preSolution
		Debug|Any CPU = Debug|Any CPU
		Release|Any CPU = Release|Any CPU
	EndGlobalSection
	GlobalSection(ProjectConfigurationPlatforms) = postSolution
		{9841FB69-E472-4A52-B25B-FA11288BC54B}.Debug|Any CPU.ActiveCfg = Debug|Any CPU
		{9841FB69-E472-4A52-B25B-FA11288BC54B}.Debug|Any CPU.Build.0 = Debug|Any CPU
		{9841FB69-E472-4A52-B25B-FA11288BC54B}.Release|Any CPU.ActiveCfg = Release|Any CPU
		{9841FB69-E472-4A52-B25B-FA11288BC54B}.Release|Any CPU.Build.0 = Release|Any CPU
		{BE7FA48D-0CA9-401D-92D2-8E3D5C27EA15}.Debug|Any CPU.ActiveCfg = Debug|Any CPU
		{BE7FA48D-0CA9-401D-92D2-8E3D5C27EA15}.Debug|Any CPU.Build.0 = Debug|Any CPU
		{BE7FA48D-0CA9-401D-92D2-8E3D5C27EA15}.Release|Any CPU.ActiveCfg = Release|Any CPU
		{BE7FA48D-0CA9-401D-92D2-8E3D5C27EA15}.Release|Any CPU.Build.0 = Release|Any CPU
	EndGlobalSection
	GlobalSection(SolutionProperties) = preSolution
		HideSolutionNode = FALSE
	EndGlobalSection
	GlobalSection(ExtensibilityGlobals) = postSolution
		SolutionGuid = {763D45C4-AF11-4244-B502-01ADEC9953BC}
	EndGlobalSection
EndGlobal
